
Microsoft Visual Studio Solution File, Format Version 12.00
# Visual Studio 15
VisualStudioVersion = 15.0.27130.2036
MinimumVisualStudioVersion = 10.0.40219.1
Project("{9A19103F-16F7-4668-BE54-9A1E7A4F7556}") = "DebugTrace", "DebugTrace\DebugTrace.csproj", "{E9AE9AE6-E488-42B8-8810-0D6732D2B44B}"
EndProject
Project("{9A19103F-16F7-4668-BE54-9A1E7A4F7556}") = "DebugTraceTest", "DebugTraceTest\DebugTraceTest.csproj", "{557ED4BE-405B-4A87-8C35-41C4E1A3CEC1}"
	ProjectSection(ProjectDependencies) = postProject
		{E9AE9AE6-E488-42B8-8810-0D6732D2B44B} = {E9AE9AE6-E488-42B8-8810-0D6732D2B44B}
	EndProjectSection
EndProject
Project("{9A19103F-16F7-4668-BE54-9A1E7A4F7556}") = "DebugTraceExample", "DebugTraceExample\DebugTraceExample.csproj", "{0F0C803B-A010-4F03-B9F9-CCF2FA15E78E}"
EndProject
Project("{778DAE3C-4631-46EA-AA77-85C1314464D9}") = "DebugTraceVBExample", "DebugTraceVBExample\DebugTraceVBExample.vbproj", "{79B35761-2C1C-4265-B36B-31CB7BB1F253}"
EndProject
Project("{F184B08F-C81C-45F6-A57F-5ABD9991F28F}") = "DebugTraceVBTest", "DebugTraceVBTest\DebugTraceVBTest.vbproj", "{1F11E05A-2084-4982-8DE7-C554BE204942}"
EndProject
Project("{FAE04EC0-301F-11D3-BF4B-00C04F79EFBC}") = "DebugTrace.NLog", "DebugTrace.NLog\DebugTrace.NLog.csproj", "{C5FF8058-2526-4192-AB67-BB26C6181008}"
EndProject
Project("{FAE04EC0-301F-11D3-BF4B-00C04F79EFBC}") = "DebugTrace.Log4net", "DebugTrace.Log4net\DebugTrace.Log4net.csproj", "{E5BBA6B6-C829-4AD8-950A-07270948679A}"
EndProject
Project("{FAE04EC0-301F-11D3-BF4B-00C04F79EFBC}") = "DebugTraceNetTest", "DebugTraceNetTest\DebugTraceNetTest.csproj", "{A6B4050E-CAA1-4B59-A7C7-9EF67C1FA3E9}"
EndProject
Global
	GlobalSection(SolutionConfigurationPlatforms) = preSolution
		Debug|Any CPU = Debug|Any CPU
		Release|Any CPU = Release|Any CPU
	EndGlobalSection
	GlobalSection(ProjectConfigurationPlatforms) = postSolution
		{E9AE9AE6-E488-42B8-8810-0D6732D2B44B}.Debug|Any CPU.ActiveCfg = Debug|Any CPU
		{E9AE9AE6-E488-42B8-8810-0D6732D2B44B}.Debug|Any CPU.Build.0 = Debug|Any CPU
		{E9AE9AE6-E488-42B8-8810-0D6732D2B44B}.Release|Any CPU.ActiveCfg = Release|Any CPU
		{E9AE9AE6-E488-42B8-8810-0D6732D2B44B}.Release|Any CPU.Build.0 = Release|Any CPU
		{557ED4BE-405B-4A87-8C35-41C4E1A3CEC1}.Debug|Any CPU.ActiveCfg = Debug|Any CPU
		{557ED4BE-405B-4A87-8C35-41C4E1A3CEC1}.Debug|Any CPU.Build.0 = Debug|Any CPU
		{557ED4BE-405B-4A87-8C35-41C4E1A3CEC1}.Release|Any CPU.ActiveCfg = Release|Any CPU
		{557ED4BE-405B-4A87-8C35-41C4E1A3CEC1}.Release|Any CPU.Build.0 = Release|Any CPU
		{0F0C803B-A010-4F03-B9F9-CCF2FA15E78E}.Debug|Any CPU.ActiveCfg = Debug|Any CPU
		{0F0C803B-A010-4F03-B9F9-CCF2FA15E78E}.Debug|Any CPU.Build.0 = Debug|Any CPU
		{0F0C803B-A010-4F03-B9F9-CCF2FA15E78E}.Release|Any CPU.ActiveCfg = Release|Any CPU
		{0F0C803B-A010-4F03-B9F9-CCF2FA15E78E}.Release|Any CPU.Build.0 = Release|Any CPU
		{79B35761-2C1C-4265-B36B-31CB7BB1F253}.Debug|Any CPU.ActiveCfg = Debug|Any CPU
		{79B35761-2C1C-4265-B36B-31CB7BB1F253}.Debug|Any CPU.Build.0 = Debug|Any CPU
		{79B35761-2C1C-4265-B36B-31CB7BB1F253}.Release|Any CPU.ActiveCfg = Release|Any CPU
		{79B35761-2C1C-4265-B36B-31CB7BB1F253}.Release|Any CPU.Build.0 = Release|Any CPU
		{1F11E05A-2084-4982-8DE7-C554BE204942}.Debug|Any CPU.ActiveCfg = Debug|Any CPU
		{1F11E05A-2084-4982-8DE7-C554BE204942}.Debug|Any CPU.Build.0 = Debug|Any CPU
		{1F11E05A-2084-4982-8DE7-C554BE204942}.Release|Any CPU.ActiveCfg = Release|Any CPU
		{1F11E05A-2084-4982-8DE7-C554BE204942}.Release|Any CPU.Build.0 = Release|Any CPU
		{C5FF8058-2526-4192-AB67-BB26C6181008}.Debug|Any CPU.ActiveCfg = Debug|Any CPU
		{C5FF8058-2526-4192-AB67-BB26C6181008}.Debug|Any CPU.Build.0 = Debug|Any CPU
		{C5FF8058-2526-4192-AB67-BB26C6181008}.Release|Any CPU.ActiveCfg = Release|Any CPU
		{C5FF8058-2526-4192-AB67-BB26C6181008}.Release|Any CPU.Build.0 = Release|Any CPU
		{E5BBA6B6-C829-4AD8-950A-07270948679A}.Debug|Any CPU.ActiveCfg = Debug|Any CPU
		{E5BBA6B6-C829-4AD8-950A-07270948679A}.Debug|Any CPU.Build.0 = Debug|Any CPU
		{E5BBA6B6-C829-4AD8-950A-07270948679A}.Release|Any CPU.ActiveCfg = Release|Any CPU
		{E5BBA6B6-C829-4AD8-950A-07270948679A}.Release|Any CPU.Build.0 = Release|Any CPU
		{A6B4050E-CAA1-4B59-A7C7-9EF67C1FA3E9}.Debug|Any CPU.ActiveCfg = Debug|Any CPU
		{A6B4050E-CAA1-4B59-A7C7-9EF67C1FA3E9}.Debug|Any CPU.Build.0 = Debug|Any CPU
		{A6B4050E-CAA1-4B59-A7C7-9EF67C1FA3E9}.Release|Any CPU.ActiveCfg = Release|Any CPU
		{A6B4050E-CAA1-4B59-A7C7-9EF67C1FA3E9}.Release|Any CPU.Build.0 = Release|Any CPU
	EndGlobalSection
	GlobalSection(SolutionProperties) = preSolution
		HideSolutionNode = FALSE
	EndGlobalSection
	GlobalSection(ExtensibilityGlobals) = postSolution
		SolutionGuid = {9D39D10F-B7C6-4703-95E4-6B7FF81ED0BB}
	EndGlobalSection
EndGlobal
