
Microsoft Visual Studio Solution File, Format Version 12.00
# Visual Studio 15
VisualStudioVersion = 15.0.27130.2036
MinimumVisualStudioVersion = 10.0.40219.1
Project("{9A19103F-16F7-4668-BE54-9A1E7A4F7556}") = "DebugTrace", "DebugTrace\DebugTrace.csproj", "{E9AE9AE6-E488-42B8-8810-0D6732D2B44B}"
EndProject
Project("{9A19103F-16F7-4668-BE54-9A1E7A4F7556}") = "DebugTraceTest", "DebugTraceTest\DebugTraceTest.csproj", "{557ED4BE-405B-4A87-8C35-41C4E1A3CEC1}"
	ProjectSection(ProjectDependencies) = postProject
		{E9AE9AE6-E488-42B8-8810-0D6732D2B44B} = {E9AE9AE6-E488-42B8-8810-0D6732D2B44B}
	EndProjectSection
EndProject
Project("{9A19103F-16F7-4668-BE54-9A1E7A4F7556}") = "DebugTraceExample", "DebugTraceExample\DebugTraceExample.csproj", "{0F0C803B-A010-4F03-B9F9-CCF2FA15E78E}"
EndProject
Project("{F184B08F-C81C-45F6-A57F-5ABD9991F28F}") = "DebugTraceVBExample", "DebugTraceVBExample\DebugTraceVBExample.vbproj", "{79B35761-2C1C-4265-B36B-31CB7BB1F253}"
EndProject
Project("{F184B08F-C81C-45F6-A57F-5ABD9991F28F}") = "DebugTraceVBTest", "DebugTraceVBTest\DebugTraceVBTest.vbproj", "{1F11E05A-2084-4982-8DE7-C554BE204942}"
EndProject
Global
	GlobalSection(SolutionConfigurationPlatforms) = preSolution
		Debug|Any CPU = Debug|Any CPU
		Release|Any CPU = Release|Any CPU
	EndGlobalSection
	GlobalSection(ProjectConfigurationPlatforms) = postSolution
		{E9AE9AE6-E488-42B8-8810-0D6732D2B44B}.Debug|Any CPU.ActiveCfg = Debug|Any CPU
		{E9AE9AE6-E488-42B8-8810-0D6732D2B44B}.Debug|Any CPU.Build.0 = Debug|Any CPU
		{E9AE9AE6-E488-42B8-8810-0D6732D2B44B}.Release|Any CPU.ActiveCfg = Release|Any CPU
		{E9AE9AE6-E488-42B8-8810-0D6732D2B44B}.Release|Any CPU.Build.0 = Release|Any CPU
		{557ED4BE-405B-4A87-8C35-41C4E1A3CEC1}.Debug|Any CPU.ActiveCfg = Debug|Any CPU
		{557ED4BE-405B-4A87-8C35-41C4E1A3CEC1}.Debug|Any CPU.Build.0 = Debug|Any CPU
		{557ED4BE-405B-4A87-8C35-41C4E1A3CEC1}.Release|Any CPU.ActiveCfg = Release|Any CPU
		{557ED4BE-405B-4A87-8C35-41C4E1A3CEC1}.Release|Any CPU.Build.0 = Release|Any CPU
		{0F0C803B-A010-4F03-B9F9-CCF2FA15E78E}.Debug|Any CPU.ActiveCfg = Debug|Any CPU
		{0F0C803B-A010-4F03-B9F9-CCF2FA15E78E}.Debug|Any CPU.Build.0 = Debug|Any CPU
		{0F0C803B-A010-4F03-B9F9-CCF2FA15E78E}.Release|Any CPU.ActiveCfg = Release|Any CPU
		{0F0C803B-A010-4F03-B9F9-CCF2FA15E78E}.Release|Any CPU.Build.0 = Release|Any CPU
		{79B35761-2C1C-4265-B36B-31CB7BB1F253}.Debug|Any CPU.ActiveCfg = Debug|Any CPU
		{79B35761-2C1C-4265-B36B-31CB7BB1F253}.Debug|Any CPU.Build.0 = Debug|Any CPU
		{79B35761-2C1C-4265-B36B-31CB7BB1F253}.Release|Any CPU.ActiveCfg = Release|Any CPU
		{79B35761-2C1C-4265-B36B-31CB7BB1F253}.Release|Any CPU.Build.0 = Release|Any CPU
		{1F11E05A-2084-4982-8DE7-C554BE204942}.Debug|Any CPU.ActiveCfg = Debug|Any CPU
		{1F11E05A-2084-4982-8DE7-C554BE204942}.Debug|Any CPU.Build.0 = Debug|Any CPU
		{1F11E05A-2084-4982-8DE7-C554BE204942}.Release|Any CPU.ActiveCfg = Release|Any CPU
		{1F11E05A-2084-4982-8DE7-C554BE204942}.Release|Any CPU.Build.0 = Release|Any CPU
	EndGlobalSection
	GlobalSection(SolutionProperties) = preSolution
		HideSolutionNode = FALSE
	EndGlobalSection
	GlobalSection(ExtensibilityGlobals) = postSolution
		SolutionGuid = {9D39D10F-B7C6-4703-95E4-6B7FF81ED0BB}
	EndGlobalSection
EndGlobal
