
Microsoft Visual Studio Solution File, Format Version 12.00
# Visual Studio Version 16
VisualStudioVersion = 16.0.29709.97
MinimumVisualStudioVersion = 10.0.40219.1
Project("{9A19103F-16F7-4668-BE54-9A1E7A4F7556}") = "DebugTrace", "DebugTrace\DebugTrace.csproj", "{F9E8AC93-6490-411A-8BED-2FC1373B2779}"
EndProject
Project("{9A19103F-16F7-4668-BE54-9A1E7A4F7556}") = "DebugTraceTest", "DebugTraceTest\DebugTraceTest.csproj", "{DE430713-2046-4DAF-B8FD-F6A9623476DD}"
EndProject
Project("{9A19103F-16F7-4668-BE54-9A1E7A4F7556}") = "DebugTrace.Log4net", "DebugTrace.Log4net\DebugTrace.Log4net.csproj", "{D0CF3B08-36A2-443C-9B3A-E39407438157}"
EndProject
Project("{9A19103F-16F7-4668-BE54-9A1E7A4F7556}") = "DebugTrace.NLog", "DebugTrace.NLog\DebugTrace.NLog.csproj", "{653F1508-8E48-496C-8542-DAD78C3661DE}"
EndProject
Project("{778DAE3C-4631-46EA-AA77-85C1314464D9}") = "DebugTraceVBTest", "DebugTraceVBTest\DebugTraceVBTest.vbproj", "{7202F8E9-707F-43BB-8B75-CDC3D0C025F4}"
EndProject
Global
	GlobalSection(SolutionConfigurationPlatforms) = preSolution
		Debug|Any CPU = Debug|Any CPU
		Release|Any CPU = Release|Any CPU
	EndGlobalSection
	GlobalSection(ProjectConfigurationPlatforms) = postSolution
		{F9E8AC93-6490-411A-8BED-2FC1373B2779}.Debug|Any CPU.ActiveCfg = Debug|Any CPU
		{F9E8AC93-6490-411A-8BED-2FC1373B2779}.Debug|Any CPU.Build.0 = Debug|Any CPU
		{F9E8AC93-6490-411A-8BED-2FC1373B2779}.Release|Any CPU.ActiveCfg = Release|Any CPU
		{F9E8AC93-6490-411A-8BED-2FC1373B2779}.Release|Any CPU.Build.0 = Release|Any CPU
		{DE430713-2046-4DAF-B8FD-F6A9623476DD}.Debug|Any CPU.ActiveCfg = Debug|Any CPU
		{DE430713-2046-4DAF-B8FD-F6A9623476DD}.Debug|Any CPU.Build.0 = Debug|Any CPU
		{DE430713-2046-4DAF-B8FD-F6A9623476DD}.Release|Any CPU.ActiveCfg = Release|Any CPU
		{DE430713-2046-4DAF-B8FD-F6A9623476DD}.Release|Any CPU.Build.0 = Release|Any CPU
		{D0CF3B08-36A2-443C-9B3A-E39407438157}.Debug|Any CPU.ActiveCfg = Debug|Any CPU
		{D0CF3B08-36A2-443C-9B3A-E39407438157}.Debug|Any CPU.Build.0 = Debug|Any CPU
		{D0CF3B08-36A2-443C-9B3A-E39407438157}.Release|Any CPU.ActiveCfg = Release|Any CPU
		{D0CF3B08-36A2-443C-9B3A-E39407438157}.Release|Any CPU.Build.0 = Release|Any CPU
		{653F1508-8E48-496C-8542-DAD78C3661DE}.Debug|Any CPU.ActiveCfg = Debug|Any CPU
		{653F1508-8E48-496C-8542-DAD78C3661DE}.Debug|Any CPU.Build.0 = Debug|Any CPU
		{653F1508-8E48-496C-8542-DAD78C3661DE}.Release|Any CPU.ActiveCfg = Release|Any CPU
		{653F1508-8E48-496C-8542-DAD78C3661DE}.Release|Any CPU.Build.0 = Release|Any CPU
		{7202F8E9-707F-43BB-8B75-CDC3D0C025F4}.Debug|Any CPU.ActiveCfg = Debug|Any CPU
		{7202F8E9-707F-43BB-8B75-CDC3D0C025F4}.Debug|Any CPU.Build.0 = Debug|Any CPU
		{7202F8E9-707F-43BB-8B75-CDC3D0C025F4}.Release|Any CPU.ActiveCfg = Release|Any CPU
		{7202F8E9-707F-43BB-8B75-CDC3D0C025F4}.Release|Any CPU.Build.0 = Release|Any CPU
	EndGlobalSection
	GlobalSection(SolutionProperties) = preSolution
		HideSolutionNode = FALSE
	EndGlobalSection
	GlobalSection(ExtensibilityGlobals) = postSolution
		SolutionGuid = {9D39D10F-B7C6-4703-95E4-6B7FF81ED0BB}
	EndGlobalSection
EndGlobal
